
Microsoft Visual Studio Solution File, Format Version 12.00
# Visual Studio 14
VisualStudioVersion = 14.0.25420.1
MinimumVisualStudioVersion = 10.0.40219.1
Project("{FAE04EC0-301F-11D3-BF4B-00C04F79EFBC}") = "NeuralNetwork", "NeuralNetwork\NeuralNetwork.csproj", "{C635B144-6703-461F-9538-735DF1B44922}"
EndProject
Project("{FAE04EC0-301F-11D3-BF4B-00C04F79EFBC}") = "FlappyBird", "FlappyBird\FlappyBird.csproj", "{1D060B4E-A680-45AD-A067-C7A72B2B419E}"
EndProject
Project("{FAE04EC0-301F-11D3-BF4B-00C04F79EFBC}") = "FallingRects", "FallingRects\FallingRects.csproj", "{30EAC273-ADBD-41D9-8665-1B31DAE9D561}"
EndProject
Project("{FAE04EC0-301F-11D3-BF4B-00C04F79EFBC}") = "NeuralNetworkTest", "NeuralNetworkTest\NeuralNetworkTest.csproj", "{D71C5CAA-D92F-47BC-990D-053C489EC160}"
EndProject
Project("{FAE04EC0-301F-11D3-BF4B-00C04F79EFBC}") = "GeneticAlgorithm", "GeneticAlgorithm\GeneticAlgorithm.csproj", "{0FA05016-528B-4CC1-97BA-B83819FAC03E}"
EndProject
Global
	GlobalSection(SolutionConfigurationPlatforms) = preSolution
		Debug|Any CPU = Debug|Any CPU
		Debug|x86 = Debug|x86
		Release|Any CPU = Release|Any CPU
		Release|x86 = Release|x86
	EndGlobalSection
	GlobalSection(ProjectConfigurationPlatforms) = postSolution
		{C635B144-6703-461F-9538-735DF1B44922}.Debug|Any CPU.ActiveCfg = Debug|Any CPU
		{C635B144-6703-461F-9538-735DF1B44922}.Debug|Any CPU.Build.0 = Debug|Any CPU
		{C635B144-6703-461F-9538-735DF1B44922}.Debug|x86.ActiveCfg = Debug|Any CPU
		{C635B144-6703-461F-9538-735DF1B44922}.Debug|x86.Build.0 = Debug|Any CPU
		{C635B144-6703-461F-9538-735DF1B44922}.Release|Any CPU.ActiveCfg = Release|Any CPU
		{C635B144-6703-461F-9538-735DF1B44922}.Release|Any CPU.Build.0 = Release|Any CPU
		{C635B144-6703-461F-9538-735DF1B44922}.Release|x86.ActiveCfg = Release|Any CPU
		{C635B144-6703-461F-9538-735DF1B44922}.Release|x86.Build.0 = Release|Any CPU
		{1D060B4E-A680-45AD-A067-C7A72B2B419E}.Debug|Any CPU.ActiveCfg = Debug|x86
		{1D060B4E-A680-45AD-A067-C7A72B2B419E}.Debug|x86.ActiveCfg = Debug|x86
		{1D060B4E-A680-45AD-A067-C7A72B2B419E}.Debug|x86.Build.0 = Debug|x86
		{1D060B4E-A680-45AD-A067-C7A72B2B419E}.Release|Any CPU.ActiveCfg = Release|x86
		{1D060B4E-A680-45AD-A067-C7A72B2B419E}.Release|x86.ActiveCfg = Release|x86
		{1D060B4E-A680-45AD-A067-C7A72B2B419E}.Release|x86.Build.0 = Release|x86
		{30EAC273-ADBD-41D9-8665-1B31DAE9D561}.Debug|Any CPU.ActiveCfg = Debug|x86
		{30EAC273-ADBD-41D9-8665-1B31DAE9D561}.Debug|x86.ActiveCfg = Debug|x86
		{30EAC273-ADBD-41D9-8665-1B31DAE9D561}.Debug|x86.Build.0 = Debug|x86
		{30EAC273-ADBD-41D9-8665-1B31DAE9D561}.Release|Any CPU.ActiveCfg = Release|x86
		{30EAC273-ADBD-41D9-8665-1B31DAE9D561}.Release|x86.ActiveCfg = Release|x86
		{30EAC273-ADBD-41D9-8665-1B31DAE9D561}.Release|x86.Build.0 = Release|x86
		{D71C5CAA-D92F-47BC-990D-053C489EC160}.Debug|Any CPU.ActiveCfg = Debug|Any CPU
		{D71C5CAA-D92F-47BC-990D-053C489EC160}.Debug|Any CPU.Build.0 = Debug|Any CPU
		{D71C5CAA-D92F-47BC-990D-053C489EC160}.Debug|x86.ActiveCfg = Debug|Any CPU
		{D71C5CAA-D92F-47BC-990D-053C489EC160}.Debug|x86.Build.0 = Debug|Any CPU
		{D71C5CAA-D92F-47BC-990D-053C489EC160}.Release|Any CPU.ActiveCfg = Release|Any CPU
		{D71C5CAA-D92F-47BC-990D-053C489EC160}.Release|Any CPU.Build.0 = Release|Any CPU
		{D71C5CAA-D92F-47BC-990D-053C489EC160}.Release|x86.ActiveCfg = Release|Any CPU
		{D71C5CAA-D92F-47BC-990D-053C489EC160}.Release|x86.Build.0 = Release|Any CPU
		{0FA05016-528B-4CC1-97BA-B83819FAC03E}.Debug|Any CPU.ActiveCfg = Debug|Any CPU
		{0FA05016-528B-4CC1-97BA-B83819FAC03E}.Debug|Any CPU.Build.0 = Debug|Any CPU
		{0FA05016-528B-4CC1-97BA-B83819FAC03E}.Debug|x86.ActiveCfg = Debug|Any CPU
		{0FA05016-528B-4CC1-97BA-B83819FAC03E}.Debug|x86.Build.0 = Debug|Any CPU
		{0FA05016-528B-4CC1-97BA-B83819FAC03E}.Release|Any CPU.ActiveCfg = Release|Any CPU
		{0FA05016-528B-4CC1-97BA-B83819FAC03E}.Release|Any CPU.Build.0 = Release|Any CPU
		{0FA05016-528B-4CC1-97BA-B83819FAC03E}.Release|x86.ActiveCfg = Release|Any CPU
		{0FA05016-528B-4CC1-97BA-B83819FAC03E}.Release|x86.Build.0 = Release|Any CPU
	EndGlobalSection
	GlobalSection(SolutionProperties) = preSolution
		HideSolutionNode = FALSE
	EndGlobalSection
EndGlobal
